<?xml version="1.0" encoding="utf-8"?>
<Project ToolsVersion="4.0" xmlns="http://schemas.microsoft.com/developer/msbuild/2003">
  <ItemGroup>
    <Filter Include="源文件"><UniqueIdentifier>{a0000000-0000-0000-0000-000000000001}</UniqueIdentifier></Filter>
    <Filter Include="源文件\http"><UniqueIdentifier>{a0000000-0000-0000-0000-000000000002}</UniqueIdentifier></Filter>
    <Filter Include="源文件\db"><UniqueIdentifier>{a0000000-0000-0000-0000-000000000003}</UniqueIdentifier></Filter>
    <Filter Include="源文件\milvus"><UniqueIdentifier>{a0000000-0000-0000-0000-000000000004}</UniqueIdentifier></Filter>
    <Filter Include="源文件\parse"><UniqueIdentifier>{a0000000-0000-0000-0000-000000000005}</UniqueIdentifier></Filter>
    <Filter Include="源文件\generate"><UniqueIdentifier>{a0000000-0000-0000-0000-000000000006}</UniqueIdentifier></Filter>
    <Filter Include="源文件\embedding"><UniqueIdentifier>{a0000000-0000-0000-0000-000000000007}</UniqueIdentifier></Filter>
    <Filter Include="源文件\ingest"><UniqueIdentifier>{a0000000-0000-0000-0000-000000000008}</UniqueIdentifier></Filter>
    <Filter Include="源文件\retrieve"><UniqueIdentifier>{a0000000-0000-0000-0000-000000000009}</UniqueIdentifier></Filter>
    <Filter Include="头文件"><UniqueIdentifier>{b0000000-0000-0000-0000-000000000001}</UniqueIdentifier></Filter>
    <Filter Include="头文件\http"><UniqueIdentifier>{b0000000-0000-0000-0000-000000000002}</UniqueIdentifier></Filter>
    <Filter Include="头文件\db"><UniqueIdentifier>{b0000000-0000-0000-0000-000000000003}</UniqueIdentifier></Filter>
    <Filter Include="头文件\milvus"><UniqueIdentifier>{b0000000-0000-0000-0000-000000000004}</UniqueIdentifier></Filter>
    <Filter Include="头文件\parse"><UniqueIdentifier>{b0000000-0000-0000-0000-000000000005}</UniqueIdentifier></Filter>
    <Filter Include="头文件\generate"><UniqueIdentifier>{b0000000-0000-0000-0000-000000000006}</UniqueIdentifier></Filter>
    <Filter Include="头文件\embedding"><UniqueIdentifier>{b0000000-0000-0000-0000-000000000007}</UniqueIdentifier></Filter>
    <Filter Include="头文件\ingest"><UniqueIdentifier>{b0000000-0000-0000-0000-000000000008}</UniqueIdentifier></Filter>
    <Filter Include="头文件\retrieve"><UniqueIdentifier>{b0000000-0000-0000-0000-000000000009}</UniqueIdentifier></Filter>
    <Filter Include="源文件\query"><UniqueIdentifier>{a0000000-0000-0000-0000-000000000010}</UniqueIdentifier></Filter>
    <Filter Include="头文件\query"><UniqueIdentifier>{b0000000-0000-0000-0000-000000000010}</UniqueIdentifier></Filter>
    <Filter Include="资源文件"><UniqueIdentifier>{c0000000-0000-0000-0000-000000000001}</UniqueIdentifier></Filter>
  </ItemGroup>
  <ItemGroup>
    <ClCompile Include="..\src\config.cpp"><Filter>源文件</Filter></ClCompile>
    <ClCompile Include="..\src\logging.cpp"><Filter>源文件</Filter></ClCompile>
    <ClCompile Include="..\src\main.cpp"><Filter>源文件</Filter></ClCompile>
    <ClCompile Include="..\src\http\http_client.cpp"><Filter>源文件\http</Filter></ClCompile>
    <ClCompile Include="..\src\db\pg_client.cpp"><Filter>源文件\db</Filter></ClCompile>
    <ClCompile Include="..\src\milvus\milvus_rest.cpp"><Filter>源文件\milvus</Filter></ClCompile>
    <ClCompile Include="..\src\parse\poppler_parser.cpp"><Filter>源文件\parse</Filter></ClCompile>
    <ClCompile Include="..\src\parse\parse_cache.cpp"><Filter>源文件\parse</Filter></ClCompile>
    <ClCompile Include="..\src\parse\ppstructure_backend.cpp"><Filter>源文件\parse</Filter></ClCompile>
    <ClCompile Include="..\src\parse\clause_no.cpp"><Filter>源文件\parse</Filter></ClCompile>
    <ClCompile Include="..\src\parse\ocr_normalize.cpp"><Filter>源文件\parse</Filter></ClCompile>
    <ClCompile Include="..\src\parse\ocr_metrics.cpp"><Filter>源文件\parse</Filter></ClCompile>
    <ClCompile Include="..\src\parse\hybrid_parser.cpp"><Filter>源文件\parse</Filter></ClCompile>
    <ClCompile Include="..\src\parse\parser_factory.cpp"><Filter>源文件\parse</Filter></ClCompile>
    <ClCompile Include="..\src\parse\method_no.cpp"><Filter>源文件\parse</Filter></ClCompile>
    <ClCompile Include="..\src\generate\deepseek_client.cpp"><Filter>源文件\generate</Filter></ClCompile>
    <ClCompile Include="..\src\generate\prompt_builder.cpp"><Filter>源文件\generate</Filter></ClCompile>
    <ClCompile Include="..\src\generate\answer_pipeline.cpp"><Filter>源文件\generate</Filter></ClCompile>
    <ClCompile Include="..\src\embedding\cloud_embedding.cpp"><Filter>源文件\embedding</Filter></ClCompile>
    <ClCompile Include="..\src\ingest\clause_splitter.cpp"><Filter>源文件\ingest</Filter></ClCompile>
    <ClCompile Include="..\src\ingest\chunk_loader.cpp"><Filter>源文件\ingest</Filter></ClCompile>
    <ClCompile Include="..\src\ingest\ingest_pipeline.cpp"><Filter>源文件\ingest</Filter></ClCompile>
    <ClCompile Include="..\src\ingest\standard_meta.cpp"><Filter>源文件\ingest</Filter></ClCompile>
    <ClCompile Include="..\src\retrieve\dense_retriever.cpp"><Filter>源文件\retrieve</Filter></ClCompile>
    <ClCompile Include="..\src\retrieve\retrieval_chunk.cpp"><Filter>源文件\retrieve</Filter></ClCompile>
    <ClCompile Include="..\src\retrieve\retrieval_filter.cpp"><Filter>源文件\retrieve</Filter></ClCompile>
    <ClCompile Include="..\src\retrieve\rrf.cpp"><Filter>源文件\retrieve</Filter></ClCompile>
    <ClCompile Include="..\src\query\query_analysis.cpp"><Filter>源文件\query</Filter></ClCompile>
    <ClCompile Include="..\src\retrieve\pg_exact_retriever.cpp"><Filter>源文件\retrieve</Filter></ClCompile>
    <ClCompile Include="..\src\retrieve\text_search.cpp"><Filter>源文件\retrieve</Filter></ClCompile>
    <ClCompile Include="..\src\query\synonyms.cpp"><Filter>源文件\query</Filter></ClCompile>
    <ClCompile Include="..\src\retrieve\bm25_retriever.cpp"><Filter>源文件\retrieve</Filter></ClCompile>
  </ItemGroup>
  <ItemGroup>
    <ClInclude Include="..\src\rag_config.h"><Filter>头文件</Filter></ClInclude>
    <ClInclude Include="..\src\logging.h"><Filter>头文件</Filter></ClInclude>
    <ClInclude Include="..\src\http\http_client.h"><Filter>头文件\http</Filter></ClInclude>
    <ClInclude Include="..\src\db\pg_client.h"><Filter>头文件\db</Filter></ClInclude>
    <ClInclude Include="..\src\milvus\milvus_rest.h"><Filter>头文件\milvus</Filter></ClInclude>
    <ClInclude Include="..\src\parse\parser.h"><Filter>头文件\parse</Filter></ClInclude>
    <ClInclude Include="..\src\parse\poppler_parser.h"><Filter>头文件\parse</Filter></ClInclude>
    <ClInclude Include="..\src\parse\parse_cache.h"><Filter>头文件\parse</Filter></ClInclude>
    <ClInclude Include="..\src\parse\ocr_backend.h"><Filter>头文件\parse</Filter></ClInclude>
    <ClInclude Include="..\src\parse\ppstructure_backend.h"><Filter>头文件\parse</Filter></ClInclude>
    <ClInclude Include="..\src\parse\clause_no.h"><Filter>头文件\parse</Filter></ClInclude>
    <ClInclude Include="..\src\parse\ocr_normalize.h"><Filter>头文件\parse</Filter></ClInclude>
    <ClInclude Include="..\src\parse\ocr_metrics.h"><Filter>头文件\parse</Filter></ClInclude>
    <ClInclude Include="..\src\parse\hybrid_parser.h"><Filter>头文件\parse</Filter></ClInclude>
    <ClInclude Include="..\src\parse\parser_factory.h"><Filter>头文件\parse</Filter></ClInclude>
    <ClInclude Include="..\src\parse\method_no.h"><Filter>头文件\parse</Filter></ClInclude>
    <ClInclude Include="..\src\generate\deepseek_client.h"><Filter>头文件\generate</Filter></ClInclude>
    <ClInclude Include="..\src\generate\context.h"><Filter>头文件\generate</Filter></ClInclude>
    <ClInclude Include="..\src\generate\prompt_builder.h"><Filter>头文件\generate</Filter></ClInclude>
    <ClInclude Include="..\src\generate\answer_pipeline.h"><Filter>头文件\generate</Filter></ClInclude>
    <ClInclude Include="..\src\embedding\embedding_client.h"><Filter>头文件\embedding</Filter></ClInclude>
    <ClInclude Include="..\src\embedding\cloud_embedding.h"><Filter>头文件\embedding</Filter></ClInclude>
    <ClInclude Include="..\src\ingest\clause_splitter.h"><Filter>头文件\ingest</Filter></ClInclude>
    <ClInclude Include="..\src\ingest\chunk_loader.h"><Filter>头文件\ingest</Filter></ClInclude>
    <ClInclude Include="..\src\ingest\ingest_pipeline.h"><Filter>头文件\ingest</Filter></ClInclude>
    <ClInclude Include="..\src\ingest\standard_meta.h"><Filter>头文件\ingest</Filter></ClInclude>
    <ClInclude Include="..\src\retrieve\candidate.h"><Filter>头文件\retrieve</Filter></ClInclude>
    <ClInclude Include="..\src\retrieve\retriever.h"><Filter>头文件\retrieve</Filter></ClInclude>
    <ClInclude Include="..\src\retrieve\dense_retriever.h"><Filter>头文件\retrieve</Filter></ClInclude>
    <ClInclude Include="..\src\retrieve\retrieval_chunk.h"><Filter>头文件\retrieve</Filter></ClInclude>
    <ClInclude Include="..\src\retrieve\retrieval_filter.h"><Filter>头文件\retrieve</Filter></ClInclude>
    <ClInclude Include="..\src\retrieve\rrf.h"><Filter>头文件\retrieve</Filter></ClInclude>
    <ClInclude Include="..\src\util\path_utf8.h"><Filter>头文件</Filter></ClInclude>
    <ClInclude Include="..\src\util\text_utf8.h"><Filter>头文件</Filter></ClInclude>
    <ClInclude Include="..\src\query\query_analysis.h"><Filter>头文件\query</Filter></ClInclude>
    <ClInclude Include="..\src\retrieve\pg_exact_retriever.h"><Filter>头文件\retrieve</Filter></ClInclude>
    <ClInclude Include="..\src\retrieve\text_search.h"><Filter>头文件\retrieve</Filter></ClInclude>
    <ClInclude Include="..\src\query\synonyms.h"><Filter>头文件\query</Filter></ClInclude>
    <ClInclude Include="..\src\retrieve\bm25_retriever.h"><Filter>头文件\retrieve</Filter></ClInclude>
  </ItemGroup>
  <ItemGroup>
    <None Include="..\src\db\schema.sql"><Filter>资源文件</Filter></None>
  </ItemGroup>
</Project>
