<?xml version="1.0" encoding="utf-8"?>
<Project ToolsVersion="4.0" xmlns="http://schemas.microsoft.com/developer/msbuild/2003">
  <ItemGroup>
    <Filter Include="测试"><UniqueIdentifier>{d0000000-0000-0000-0000-000000000001}</UniqueIdentifier></Filter>
    <Filter Include="被测源码"><UniqueIdentifier>{d0000000-0000-0000-0000-000000000002}</UniqueIdentifier></Filter>
    <Filter Include="头文件"><UniqueIdentifier>{d0000000-0000-0000-0000-000000000003}</UniqueIdentifier></Filter>
  </ItemGroup>
  <ItemGroup>
    <ClCompile Include="..\tests\test_main.cpp"><Filter>测试</Filter></ClCompile>
    <ClCompile Include="..\tests\test_config.cpp"><Filter>测试</Filter></ClCompile>
    <ClCompile Include="..\tests\test_milvus_body.cpp"><Filter>测试</Filter></ClCompile>
    <ClCompile Include="..\tests\test_context.cpp"><Filter>测试</Filter></ClCompile>
    <ClCompile Include="..\tests\test_clause_splitter.cpp"><Filter>测试</Filter></ClCompile>
    <ClCompile Include="..\tests\test_embedding_parse.cpp"><Filter>测试</Filter></ClCompile>
    <ClCompile Include="..\tests\test_prompt_builder.cpp"><Filter>测试</Filter></ClCompile>
    <ClCompile Include="..\tests\test_standard_meta.cpp"><Filter>测试</Filter></ClCompile>
    <ClCompile Include="..\tests\test_parse_cache.cpp"><Filter>测试</Filter></ClCompile>
    <ClCompile Include="..\tests\test_ppstructure_normalize.cpp"><Filter>测试</Filter></ClCompile>
    <ClCompile Include="..\tests\test_hybrid_router.cpp"><Filter>测试</Filter></ClCompile>
    <ClCompile Include="..\tests\test_parser_factory.cpp"><Filter>测试</Filter></ClCompile>
    <ClCompile Include="..\tests\test_clause_no.cpp"><Filter>测试</Filter></ClCompile>
    <ClCompile Include="..\tests\test_ocr_normalize.cpp"><Filter>测试</Filter></ClCompile>
    <ClCompile Include="..\tests\test_parse_cache_m2b.cpp"><Filter>测试</Filter></ClCompile>
    <ClCompile Include="..\tests\test_m2b_integration.cpp"><Filter>测试</Filter></ClCompile>
    <ClCompile Include="..\tests\test_ocr_metrics.cpp"><Filter>测试</Filter></ClCompile>
    <ClCompile Include="..\tests\test_retrieval_chunk.cpp"><Filter>测试</Filter></ClCompile>
    <ClCompile Include="..\tests\test_chunk_loader.cpp"><Filter>测试</Filter></ClCompile>
    <ClCompile Include="..\tests\test_method_no.cpp"><Filter>测试</Filter></ClCompile>
    <ClCompile Include="..\tests\test_query_analysis.cpp"><Filter>测试</Filter></ClCompile>
    <ClCompile Include="..\tests\test_dataset.cpp"><Filter>测试</Filter></ClCompile>
    <ClCompile Include="..\tests\test_retrieval_metrics.cpp"><Filter>测试</Filter></ClCompile>
    <ClCompile Include="..\tests\test_query_terms.cpp"><Filter>测试</Filter></ClCompile>
    <ClCompile Include="..\tests\test_retrieval_filter.cpp"><Filter>测试</Filter></ClCompile>
    <ClCompile Include="..\tests\test_rrf.cpp"><Filter>测试</Filter></ClCompile>
    <ClCompile Include="..\src\ingest\chunk_loader.cpp"><Filter>被测源码</Filter></ClCompile>
    <ClCompile Include="..\src\retrieve\rrf.cpp"><Filter>被测源码</Filter></ClCompile>
    <ClCompile Include="..\src\config.cpp"><Filter>被测源码</Filter></ClCompile>
    <ClCompile Include="..\src\logging.cpp"><Filter>被测源码</Filter></ClCompile>
    <ClCompile Include="..\src\http\http_client.cpp"><Filter>被测源码</Filter></ClCompile>
    <ClCompile Include="..\src\db\pg_client.cpp"><Filter>被测源码</Filter></ClCompile>
    <ClCompile Include="..\src\milvus\milvus_rest.cpp"><Filter>被测源码</Filter></ClCompile>
    <ClCompile Include="..\src\parse\poppler_parser.cpp"><Filter>被测源码</Filter></ClCompile>
    <ClCompile Include="..\src\parse\parse_cache.cpp"><Filter>被测源码</Filter></ClCompile>
    <ClCompile Include="..\src\generate\deepseek_client.cpp"><Filter>被测源码</Filter></ClCompile>
    <ClCompile Include="..\src\embedding\cloud_embedding.cpp"><Filter>被测源码</Filter></ClCompile>
    <ClCompile Include="..\src\ingest\clause_splitter.cpp"><Filter>被测源码</Filter></ClCompile>
    <ClCompile Include="..\src\ingest\ingest_pipeline.cpp"><Filter>被测源码</Filter></ClCompile>
    <ClCompile Include="..\src\ingest\standard_meta.cpp"><Filter>被测源码</Filter></ClCompile>
    <ClCompile Include="..\src\retrieve\dense_retriever.cpp"><Filter>被测源码</Filter></ClCompile>
    <ClCompile Include="..\src\generate\prompt_builder.cpp"><Filter>被测源码</Filter></ClCompile>
    <ClCompile Include="..\src\generate\answer_pipeline.cpp"><Filter>被测源码</Filter></ClCompile>
    <ClCompile Include="..\src\parse\ppstructure_backend.cpp"><Filter>被测源码</Filter></ClCompile>
    <ClCompile Include="..\src\parse\clause_no.cpp"><Filter>被测源码</Filter></ClCompile>
    <ClCompile Include="..\src\parse\ocr_normalize.cpp"><Filter>被测源码</Filter></ClCompile>
    <ClCompile Include="..\src\parse\ocr_metrics.cpp"><Filter>被测源码</Filter></ClCompile>
    <ClCompile Include="..\src\parse\hybrid_parser.cpp"><Filter>被测源码</Filter></ClCompile>
    <ClCompile Include="..\src\parse\parser_factory.cpp"><Filter>被测源码</Filter></ClCompile>
    <ClCompile Include="..\src\retrieve\retrieval_chunk.cpp"><Filter>被测源码</Filter></ClCompile>
    <ClCompile Include="..\src\parse\method_no.cpp"><Filter>被测源码</Filter></ClCompile>
    <ClCompile Include="..\src\query\query_analysis.cpp"><Filter>被测源码</Filter></ClCompile>
    <ClCompile Include="..\src\eval\dataset.cpp"><Filter>被测源码</Filter></ClCompile>
    <ClCompile Include="..\src\eval\retrieval_metrics.cpp"><Filter>被测源码</Filter></ClCompile>
    <ClCompile Include="..\src\query\query_terms.cpp"><Filter>被测源码</Filter></ClCompile>
    <ClCompile Include="..\src\query\query_planner.cpp"><Filter>被测源码</Filter></ClCompile>
    <ClCompile Include="..\tests\test_query_planner.cpp"><Filter>测试</Filter></ClCompile>
    <ClCompile Include="..\src\retrieve\retrieval_filter.cpp"><Filter>被测源码</Filter></ClCompile>
    <ClCompile Include="..\tests\test_synonyms.cpp"><Filter>测试</Filter></ClCompile>
    <ClCompile Include="..\tests\test_text_utf8.cpp"><Filter>测试</Filter></ClCompile>
    <ClCompile Include="..\src\query\synonyms.cpp"><Filter>被测源码</Filter></ClCompile>
  </ItemGroup>
  <ItemGroup>
    <ClInclude Include="..\src\rag_config.h"><Filter>头文件</Filter></ClInclude>
    <ClInclude Include="..\src\logging.h"><Filter>头文件</Filter></ClInclude>
    <ClInclude Include="..\src\http\http_client.h"><Filter>头文件</Filter></ClInclude>
    <ClInclude Include="..\src\db\pg_client.h"><Filter>头文件</Filter></ClInclude>
    <ClInclude Include="..\src\milvus\milvus_rest.h"><Filter>头文件</Filter></ClInclude>
    <ClInclude Include="..\src\parse\parser.h"><Filter>头文件</Filter></ClInclude>
    <ClInclude Include="..\src\parse\poppler_parser.h"><Filter>头文件</Filter></ClInclude>
    <ClInclude Include="..\src\parse\parse_cache.h"><Filter>头文件</Filter></ClInclude>
    <ClInclude Include="..\src\generate\deepseek_client.h"><Filter>头文件</Filter></ClInclude>
    <ClInclude Include="..\src\embedding\embedding_client.h"><Filter>头文件</Filter></ClInclude>
    <ClInclude Include="..\src\embedding\cloud_embedding.h"><Filter>头文件</Filter></ClInclude>
    <ClInclude Include="..\src\ingest\clause_splitter.h"><Filter>头文件</Filter></ClInclude>
    <ClInclude Include="..\src\ingest\ingest_pipeline.h"><Filter>头文件</Filter></ClInclude>
    <ClInclude Include="..\src\ingest\standard_meta.h"><Filter>头文件</Filter></ClInclude>
    <ClInclude Include="..\src\retrieve\candidate.h"><Filter>头文件</Filter></ClInclude>
    <ClInclude Include="..\src\retrieve\retriever.h"><Filter>头文件</Filter></ClInclude>
    <ClInclude Include="..\src\retrieve\dense_retriever.h"><Filter>头文件</Filter></ClInclude>
    <ClInclude Include="..\src\retrieve\retrieval_chunk.h"><Filter>头文件</Filter></ClInclude>
    <ClInclude Include="..\src\generate\context.h"><Filter>头文件</Filter></ClInclude>
    <ClInclude Include="..\src\generate\prompt_builder.h"><Filter>头文件</Filter></ClInclude>
    <ClInclude Include="..\src\generate\answer_pipeline.h"><Filter>头文件</Filter></ClInclude>
    <ClInclude Include="..\src\util\path_utf8.h"><Filter>头文件</Filter></ClInclude>
    <ClInclude Include="..\src\parse\ocr_backend.h"><Filter>头文件</Filter></ClInclude>
    <ClInclude Include="..\src\parse\ppstructure_backend.h"><Filter>头文件</Filter></ClInclude>
    <ClInclude Include="..\src\parse\clause_no.h"><Filter>头文件</Filter></ClInclude>
    <ClInclude Include="..\src\parse\ocr_normalize.h"><Filter>头文件</Filter></ClInclude>
    <ClInclude Include="..\src\parse\ocr_metrics.h"><Filter>头文件</Filter></ClInclude>
    <ClInclude Include="..\src\parse\hybrid_parser.h"><Filter>头文件</Filter></ClInclude>
    <ClInclude Include="..\src\parse\parser_factory.h"><Filter>头文件</Filter></ClInclude>
  </ItemGroup>
</Project>
